
Microsoft Visual Studio Solution File, Format Version 12.00
# Visual Studio Version 16
VisualStudioVersion = 16.0.30621.155
MinimumVisualStudioVersion = 10.0.40219.1
Project("{8BC9CEB8-8B4A-11D0-8D11-00A0C91BC942}") = "ti_render", "ti_render\ti_render.vcxproj", "{1F6688A1-A2A3-4ECB-B064-15682117C541}"
EndProject
Project("{2150E333-8FDC-42A3-9474-1A3956D46DE8}") = "toolkit", "toolkit", "{CDA5201A-A1D3-4C4D-B94A-2F3BC077D6E5}"
EndProject
Project("{8BC9CEB8-8B4A-11D0-8D11-00A0C91BC942}") = "mesh_exporter", "toolkit\mesh_exporter\mesh_exporter.vcxproj", "{1D3D23E0-D185-4CE7-9DC8-8B1802FA74B8}"
EndProject
Project("{2150E333-8FDC-42A3-9474-1A3956D46DE8}") = "ti_render.test", "ti_render.test", "{387C0565-AACB-44A7-B6B5-D005E06FD744}"
EndProject
Project("{8BC9CEB8-8B4A-11D0-8D11-00A0C91BC942}") = "pbr_balls", "ti_render.test\pbr_balls\pbr_balls.vcxproj", "{7E4F6B39-97CF-487E-8C66-33508374F42B}"
EndProject
Project("{8BC9CEB8-8B4A-11D0-8D11-00A0C91BC942}") = "star_sparrow", "ti_render.test\star_sparrow\star_sparrow.vcxproj", "{2DE8729A-A270-44BE-8CB9-A069DD28BFBC}"
EndProject
Project("{8BC9CEB8-8B4A-11D0-8D11-00A0C91BC942}") = "room", "ti_render.test\room\room.vcxproj", "{0444A103-A591-47B1-AB1E-628BE3F8E556}"
EndProject
Project("{8BC9CEB8-8B4A-11D0-8D11-00A0C91BC942}") = "terrain_generator", "toolkit\terrain_generator\terrain_generator.vcxproj", "{9D03B9AA-AD74-4D65-88AA-AE232296D666}"
EndProject
Global
	GlobalSection(SolutionConfigurationPlatforms) = preSolution
		Debug|x64 = Debug|x64
		Debug|x86 = Debug|x86
		Release|x64 = Release|x64
		Release|x86 = Release|x86
	EndGlobalSection
	GlobalSection(ProjectConfigurationPlatforms) = postSolution
		{1F6688A1-A2A3-4ECB-B064-15682117C541}.Debug|x64.ActiveCfg = Debug|x64
		{1F6688A1-A2A3-4ECB-B064-15682117C541}.Debug|x64.Build.0 = Debug|x64
		{1F6688A1-A2A3-4ECB-B064-15682117C541}.Debug|x86.ActiveCfg = Debug|Win32
		{1F6688A1-A2A3-4ECB-B064-15682117C541}.Debug|x86.Build.0 = Debug|Win32
		{1F6688A1-A2A3-4ECB-B064-15682117C541}.Release|x64.ActiveCfg = Release|x64
		{1F6688A1-A2A3-4ECB-B064-15682117C541}.Release|x64.Build.0 = Release|x64
		{1F6688A1-A2A3-4ECB-B064-15682117C541}.Release|x86.ActiveCfg = Release|Win32
		{1F6688A1-A2A3-4ECB-B064-15682117C541}.Release|x86.Build.0 = Release|Win32
		{1D3D23E0-D185-4CE7-9DC8-8B1802FA74B8}.Debug|x64.ActiveCfg = Debug|x64
		{1D3D23E0-D185-4CE7-9DC8-8B1802FA74B8}.Debug|x64.Build.0 = Debug|x64
		{1D3D23E0-D185-4CE7-9DC8-8B1802FA74B8}.Debug|x86.ActiveCfg = Debug|Win32
		{1D3D23E0-D185-4CE7-9DC8-8B1802FA74B8}.Debug|x86.Build.0 = Debug|Win32
		{1D3D23E0-D185-4CE7-9DC8-8B1802FA74B8}.Release|x64.ActiveCfg = Release|x64
		{1D3D23E0-D185-4CE7-9DC8-8B1802FA74B8}.Release|x64.Build.0 = Release|x64
		{1D3D23E0-D185-4CE7-9DC8-8B1802FA74B8}.Release|x86.ActiveCfg = Release|Win32
		{1D3D23E0-D185-4CE7-9DC8-8B1802FA74B8}.Release|x86.Build.0 = Release|Win32
		{7E4F6B39-97CF-487E-8C66-33508374F42B}.Debug|x64.ActiveCfg = Debug|x64
		{7E4F6B39-97CF-487E-8C66-33508374F42B}.Debug|x64.Build.0 = Debug|x64
		{7E4F6B39-97CF-487E-8C66-33508374F42B}.Debug|x86.ActiveCfg = Debug|Win32
		{7E4F6B39-97CF-487E-8C66-33508374F42B}.Debug|x86.Build.0 = Debug|Win32
		{7E4F6B39-97CF-487E-8C66-33508374F42B}.Release|x64.ActiveCfg = Release|x64
		{7E4F6B39-97CF-487E-8C66-33508374F42B}.Release|x64.Build.0 = Release|x64
		{7E4F6B39-97CF-487E-8C66-33508374F42B}.Release|x86.ActiveCfg = Release|Win32
		{7E4F6B39-97CF-487E-8C66-33508374F42B}.Release|x86.Build.0 = Release|Win32
		{2DE8729A-A270-44BE-8CB9-A069DD28BFBC}.Debug|x64.ActiveCfg = Debug|x64
		{2DE8729A-A270-44BE-8CB9-A069DD28BFBC}.Debug|x64.Build.0 = Debug|x64
		{2DE8729A-A270-44BE-8CB9-A069DD28BFBC}.Debug|x86.ActiveCfg = Debug|Win32
		{2DE8729A-A270-44BE-8CB9-A069DD28BFBC}.Debug|x86.Build.0 = Debug|Win32
		{2DE8729A-A270-44BE-8CB9-A069DD28BFBC}.Release|x64.ActiveCfg = Release|x64
		{2DE8729A-A270-44BE-8CB9-A069DD28BFBC}.Release|x64.Build.0 = Release|x64
		{2DE8729A-A270-44BE-8CB9-A069DD28BFBC}.Release|x86.ActiveCfg = Release|Win32
		{2DE8729A-A270-44BE-8CB9-A069DD28BFBC}.Release|x86.Build.0 = Release|Win32
		{0444A103-A591-47B1-AB1E-628BE3F8E556}.Debug|x64.ActiveCfg = Debug|x64
		{0444A103-A591-47B1-AB1E-628BE3F8E556}.Debug|x64.Build.0 = Debug|x64
		{0444A103-A591-47B1-AB1E-628BE3F8E556}.Debug|x86.ActiveCfg = Debug|Win32
		{0444A103-A591-47B1-AB1E-628BE3F8E556}.Debug|x86.Build.0 = Debug|Win32
		{0444A103-A591-47B1-AB1E-628BE3F8E556}.Release|x64.ActiveCfg = Release|x64
		{0444A103-A591-47B1-AB1E-628BE3F8E556}.Release|x64.Build.0 = Release|x64
		{0444A103-A591-47B1-AB1E-628BE3F8E556}.Release|x86.ActiveCfg = Release|Win32
		{0444A103-A591-47B1-AB1E-628BE3F8E556}.Release|x86.Build.0 = Release|Win32
		{9D03B9AA-AD74-4D65-88AA-AE232296D666}.Debug|x64.ActiveCfg = Debug|x64
		{9D03B9AA-AD74-4D65-88AA-AE232296D666}.Debug|x64.Build.0 = Debug|x64
		{9D03B9AA-AD74-4D65-88AA-AE232296D666}.Debug|x86.ActiveCfg = Debug|Win32
		{9D03B9AA-AD74-4D65-88AA-AE232296D666}.Debug|x86.Build.0 = Debug|Win32
		{9D03B9AA-AD74-4D65-88AA-AE232296D666}.Release|x64.ActiveCfg = Release|x64
		{9D03B9AA-AD74-4D65-88AA-AE232296D666}.Release|x64.Build.0 = Release|x64
		{9D03B9AA-AD74-4D65-88AA-AE232296D666}.Release|x86.ActiveCfg = Release|Win32
		{9D03B9AA-AD74-4D65-88AA-AE232296D666}.Release|x86.Build.0 = Release|Win32
	EndGlobalSection
	GlobalSection(SolutionProperties) = preSolution
		HideSolutionNode = FALSE
	EndGlobalSection
	GlobalSection(NestedProjects) = preSolution
		{1D3D23E0-D185-4CE7-9DC8-8B1802FA74B8} = {CDA5201A-A1D3-4C4D-B94A-2F3BC077D6E5}
		{7E4F6B39-97CF-487E-8C66-33508374F42B} = {387C0565-AACB-44A7-B6B5-D005E06FD744}
		{2DE8729A-A270-44BE-8CB9-A069DD28BFBC} = {387C0565-AACB-44A7-B6B5-D005E06FD744}
		{0444A103-A591-47B1-AB1E-628BE3F8E556} = {387C0565-AACB-44A7-B6B5-D005E06FD744}
		{9D03B9AA-AD74-4D65-88AA-AE232296D666} = {CDA5201A-A1D3-4C4D-B94A-2F3BC077D6E5}
	EndGlobalSection
	GlobalSection(ExtensibilityGlobals) = postSolution
		SolutionGuid = {A3BBF731-0C82-4C8D-9D80-470B50507CB6}
	EndGlobalSection
EndGlobal
