
Microsoft Visual Studio Solution File, Format Version 12.00
# Visual Studio Version 16
VisualStudioVersion = 16.0.30621.155
MinimumVisualStudioVersion = 10.0.40219.1
Project("{8BC9CEB8-8B4A-11D0-8D11-00A0C91BC942}") = "ti_render.test", "ti_render.test\ti_render.test.vcxproj", "{CD075964-522A-4F7D-AC92-9A5EEE706AC7}"
EndProject
Project("{8BC9CEB8-8B4A-11D0-8D11-00A0C91BC942}") = "ti_render", "ti_render\ti_render.vcxproj", "{1F6688A1-A2A3-4ECB-B064-15682117C541}"
EndProject
Project("{2150E333-8FDC-42A3-9474-1A3956D46DE8}") = "toolkit", "toolkit", "{CDA5201A-A1D3-4C4D-B94A-2F3BC077D6E5}"
EndProject
Project("{8BC9CEB8-8B4A-11D0-8D11-00A0C91BC942}") = "mesh_exporter", "toolkit\mesh_exporter\mesh_exporter.vcxproj", "{1D3D23E0-D185-4CE7-9DC8-8B1802FA74B8}"
EndProject
Global
	GlobalSection(SolutionConfigurationPlatforms) = preSolution
		Debug|x64 = Debug|x64
		Debug|x86 = Debug|x86
		Release|x64 = Release|x64
		Release|x86 = Release|x86
	EndGlobalSection
	GlobalSection(ProjectConfigurationPlatforms) = postSolution
		{CD075964-522A-4F7D-AC92-9A5EEE706AC7}.Debug|x64.ActiveCfg = Debug|x64
		{CD075964-522A-4F7D-AC92-9A5EEE706AC7}.Debug|x64.Build.0 = Debug|x64
		{CD075964-522A-4F7D-AC92-9A5EEE706AC7}.Debug|x86.ActiveCfg = Debug|Win32
		{CD075964-522A-4F7D-AC92-9A5EEE706AC7}.Debug|x86.Build.0 = Debug|Win32
		{CD075964-522A-4F7D-AC92-9A5EEE706AC7}.Release|x64.ActiveCfg = Release|x64
		{CD075964-522A-4F7D-AC92-9A5EEE706AC7}.Release|x64.Build.0 = Release|x64
		{CD075964-522A-4F7D-AC92-9A5EEE706AC7}.Release|x86.ActiveCfg = Release|Win32
		{CD075964-522A-4F7D-AC92-9A5EEE706AC7}.Release|x86.Build.0 = Release|Win32
		{1F6688A1-A2A3-4ECB-B064-15682117C541}.Debug|x64.ActiveCfg = Debug|x64
		{1F6688A1-A2A3-4ECB-B064-15682117C541}.Debug|x64.Build.0 = Debug|x64
		{1F6688A1-A2A3-4ECB-B064-15682117C541}.Debug|x86.ActiveCfg = Debug|Win32
		{1F6688A1-A2A3-4ECB-B064-15682117C541}.Debug|x86.Build.0 = Debug|Win32
		{1F6688A1-A2A3-4ECB-B064-15682117C541}.Release|x64.ActiveCfg = Release|x64
		{1F6688A1-A2A3-4ECB-B064-15682117C541}.Release|x64.Build.0 = Release|x64
		{1F6688A1-A2A3-4ECB-B064-15682117C541}.Release|x86.ActiveCfg = Release|Win32
		{1F6688A1-A2A3-4ECB-B064-15682117C541}.Release|x86.Build.0 = Release|Win32
		{1D3D23E0-D185-4CE7-9DC8-8B1802FA74B8}.Debug|x64.ActiveCfg = Debug|x64
		{1D3D23E0-D185-4CE7-9DC8-8B1802FA74B8}.Debug|x64.Build.0 = Debug|x64
		{1D3D23E0-D185-4CE7-9DC8-8B1802FA74B8}.Debug|x86.ActiveCfg = Debug|Win32
		{1D3D23E0-D185-4CE7-9DC8-8B1802FA74B8}.Debug|x86.Build.0 = Debug|Win32
		{1D3D23E0-D185-4CE7-9DC8-8B1802FA74B8}.Release|x64.ActiveCfg = Release|x64
		{1D3D23E0-D185-4CE7-9DC8-8B1802FA74B8}.Release|x64.Build.0 = Release|x64
		{1D3D23E0-D185-4CE7-9DC8-8B1802FA74B8}.Release|x86.ActiveCfg = Release|Win32
		{1D3D23E0-D185-4CE7-9DC8-8B1802FA74B8}.Release|x86.Build.0 = Release|Win32
	EndGlobalSection
	GlobalSection(SolutionProperties) = preSolution
		HideSolutionNode = FALSE
	EndGlobalSection
	GlobalSection(NestedProjects) = preSolution
		{1D3D23E0-D185-4CE7-9DC8-8B1802FA74B8} = {CDA5201A-A1D3-4C4D-B94A-2F3BC077D6E5}
	EndGlobalSection
	GlobalSection(ExtensibilityGlobals) = postSolution
		SolutionGuid = {A3BBF731-0C82-4C8D-9D80-470B50507CB6}
	EndGlobalSection
EndGlobal
