<?xml version="1.0" encoding="utf-8"?>
<Project ToolsVersion="4.0" xmlns="http://schemas.microsoft.com/developer/msbuild/2003">
  <ItemGroup>
    <Filter Include="common">
      <UniqueIdentifier>{d76383e8-b1a8-4e1a-9a68-55c43b488223}</UniqueIdentifier>
    </Filter>
    <Filter Include="third_party">
      <UniqueIdentifier>{7038d10a-e82d-4f76-9a5f-ca0f1518c397}</UniqueIdentifier>
    </Filter>
    <Filter Include="core">
      <UniqueIdentifier>{74f1b37f-0ebc-4c60-abe8-a3671e28d805}</UniqueIdentifier>
    </Filter>
    <Filter Include="graphic_interface">
      <UniqueIdentifier>{9dd59d1d-a967-4bbd-aa65-c9ff1438d1b5}</UniqueIdentifier>
    </Filter>
    <Filter Include="third_party\glad">
      <UniqueIdentifier>{007b028b-feea-4bbc-9c13-fa084c789bc8}</UniqueIdentifier>
    </Filter>
    <Filter Include="third_party\md5">
      <UniqueIdentifier>{348065de-1870-48ea-b247-fc1704f87ee1}</UniqueIdentifier>
    </Filter>
    <Filter Include="graphic_interface\gl3plus">
      <UniqueIdentifier>{e70c31d0-b2d9-47d8-99cc-2ded60931e19}</UniqueIdentifier>
    </Filter>
    <Filter Include="core\file">
      <UniqueIdentifier>{97500d8f-52db-41b6-b2b9-008b0b2d5830}</UniqueIdentifier>
    </Filter>
    <Filter Include="core\object">
      <UniqueIdentifier>{cbf59ebd-d8ac-42e6-a272-355f2875c7c3}</UniqueIdentifier>
    </Filter>
    <Filter Include="core\scene">
      <UniqueIdentifier>{0d62bba8-7cd6-4a33-ae43-860c36082584}</UniqueIdentifier>
    </Filter>
  </ItemGroup>
  <ItemGroup>
    <ClInclude Include="common\tr_enum.h">
      <Filter>common</Filter>
    </ClInclude>
    <ClInclude Include="common\tr_struct.h">
      <Filter>common</Filter>
    </ClInclude>
    <ClInclude Include="third_party\glad\glad.h">
      <Filter>third_party\glad</Filter>
    </ClInclude>
    <ClInclude Include="third_party\glad\khrplatform.h">
      <Filter>third_party\glad</Filter>
    </ClInclude>
    <ClInclude Include="third_party\md5\md5.h">
      <Filter>third_party\md5</Filter>
    </ClInclude>
    <ClInclude Include="common\logger_management.h">
      <Filter>common</Filter>
    </ClInclude>
    <ClInclude Include="common\i_logger.h">
      <Filter>common</Filter>
    </ClInclude>
    <ClInclude Include="graphic_interface\gl3plus\gl3plus_common.h">
      <Filter>graphic_interface\gl3plus</Filter>
    </ClInclude>
    <ClInclude Include="graphic_interface\gl3plus\gl3plus_frame_buffer.h">
      <Filter>graphic_interface\gl3plus</Filter>
    </ClInclude>
    <ClInclude Include="graphic_interface\gl3plus\gl3plus_render_system.h">
      <Filter>graphic_interface\gl3plus</Filter>
    </ClInclude>
    <ClInclude Include="graphic_interface\gl3plus\gl3plus_shader.h">
      <Filter>graphic_interface\gl3plus</Filter>
    </ClInclude>
    <ClInclude Include="graphic_interface\gl3plus\gl3plus_texture_2d.h">
      <Filter>graphic_interface\gl3plus</Filter>
    </ClInclude>
    <ClInclude Include="graphic_interface\gl3plus\gl3plus_texture_cube.h">
      <Filter>graphic_interface\gl3plus</Filter>
    </ClInclude>
    <ClInclude Include="graphic_interface\gl3plus\gl3plus_vertex_buffer.h">
      <Filter>graphic_interface\gl3plus</Filter>
    </ClInclude>
    <ClInclude Include="core\file\image_file.h">
      <Filter>core\file</Filter>
    </ClInclude>
    <ClInclude Include="core\file\material_file.h">
      <Filter>core\file</Filter>
    </ClInclude>
    <ClInclude Include="core\file\mesh_file.h">
      <Filter>core\file</Filter>
    </ClInclude>
    <ClInclude Include="core\file\shader_file.h">
      <Filter>core\file</Filter>
    </ClInclude>
    <ClInclude Include="core\object\object.h">
      <Filter>core\object</Filter>
    </ClInclude>
    <ClInclude Include="core\scene\scene.h">
      <Filter>core\scene</Filter>
    </ClInclude>
    <ClInclude Include="core\object\dummy_object.h">
      <Filter>core\object</Filter>
    </ClInclude>
    <ClInclude Include="core\object\camera_object.h">
      <Filter>core\object</Filter>
    </ClInclude>
    <ClInclude Include="core\object\sky_object.h">
      <Filter>core\object</Filter>
    </ClInclude>
    <ClInclude Include="graphic_interface\graphic_interface.h">
      <Filter>graphic_interface</Filter>
    </ClInclude>
    <ClInclude Include="core\object\point_light_object.h">
      <Filter>core\object</Filter>
    </ClInclude>
    <ClInclude Include="core\object\light_object.h">
      <Filter>core\object</Filter>
    </ClInclude>
    <ClInclude Include="common\tr_algorithm.h">
      <Filter>common</Filter>
    </ClInclude>
  </ItemGroup>
  <ItemGroup>
    <ClCompile Include="third_party\glad\glad.c">
      <Filter>third_party\glad</Filter>
    </ClCompile>
    <ClCompile Include="third_party\md5\md5.cpp">
      <Filter>third_party\md5</Filter>
    </ClCompile>
    <ClCompile Include="common\logger_management.cpp">
      <Filter>common</Filter>
    </ClCompile>
    <ClCompile Include="graphic_interface\gl3plus\gl3plus_common.cpp">
      <Filter>graphic_interface\gl3plus</Filter>
    </ClCompile>
    <ClCompile Include="graphic_interface\gl3plus\gl3plus_frame_buffer.cpp">
      <Filter>graphic_interface\gl3plus</Filter>
    </ClCompile>
    <ClCompile Include="graphic_interface\gl3plus\gl3plus_render_system.cpp">
      <Filter>graphic_interface\gl3plus</Filter>
    </ClCompile>
    <ClCompile Include="graphic_interface\gl3plus\gl3plus_shader.cpp">
      <Filter>graphic_interface\gl3plus</Filter>
    </ClCompile>
    <ClCompile Include="graphic_interface\gl3plus\gl3plus_texture_2d.cpp">
      <Filter>graphic_interface\gl3plus</Filter>
    </ClCompile>
    <ClCompile Include="graphic_interface\gl3plus\gl3plus_texture_cube.cpp">
      <Filter>graphic_interface\gl3plus</Filter>
    </ClCompile>
    <ClCompile Include="graphic_interface\gl3plus\gl3plus_vertex_buffer.cpp">
      <Filter>graphic_interface\gl3plus</Filter>
    </ClCompile>
    <ClCompile Include="core\file\image_file.cpp">
      <Filter>core\file</Filter>
    </ClCompile>
    <ClCompile Include="core\file\material_file.cpp">
      <Filter>core\file</Filter>
    </ClCompile>
    <ClCompile Include="core\file\mesh_file.cpp">
      <Filter>core\file</Filter>
    </ClCompile>
    <ClCompile Include="core\file\shader_file.cpp">
      <Filter>core\file</Filter>
    </ClCompile>
    <ClCompile Include="core\object\object.cpp">
      <Filter>core\object</Filter>
    </ClCompile>
    <ClCompile Include="core\scene\scene.cpp">
      <Filter>core\scene</Filter>
    </ClCompile>
    <ClCompile Include="core\object\dummy_object.cpp">
      <Filter>core\object</Filter>
    </ClCompile>
    <ClCompile Include="core\object\camera_object.cpp">
      <Filter>core\object</Filter>
    </ClCompile>
    <ClCompile Include="core\object\sky_object.cpp">
      <Filter>core\object</Filter>
    </ClCompile>
    <ClCompile Include="core\object\point_light_object.cpp">
      <Filter>core\object</Filter>
    </ClCompile>
    <ClCompile Include="core\object\light_object.cpp">
      <Filter>core\object</Filter>
    </ClCompile>
    <ClCompile Include="common\tr_algorithm.cpp">
      <Filter>common</Filter>
    </ClCompile>
  </ItemGroup>
</Project>